<?xml version="1.0" encoding="utf-8"?>
<Project ToolsVersion="4.0" xmlns="http://schemas.microsoft.com/developer/msbuild/2003">
  <ItemGroup>
    <Filter Include="Source Files">
      <UniqueIdentifier>{4FC737F1-C7A5-4376-A066-2A32D752A2FF}</UniqueIdentifier>
      <Extensions>cpp;c;cc;cxx;c++;cppm;ixx;def;odl;idl;hpj;bat;asm;asmx</Extensions>
    </Filter>
    <Filter Include="Header Files">
      <UniqueIdentifier>{93995380-89BD-4b04-88EB-625FBE52EBFB}</UniqueIdentifier>
      <Extensions>h;hh;hpp;hxx;h++;hm;inl;inc;ipp;xsd</Extensions>
    </Filter>
    <Filter Include="Resource Files">
      <UniqueIdentifier>{67DA6AB6-F800-4c08-8B7A-83BB121AAD01}</UniqueIdentifier>
      <Extensions>rc;ico;cur;bmp;dlg;rc2;rct;bin;rgs;gif;jpg;jpeg;jpe;resx;tiff;tif;png;wav;mfcribbon-ms</Extensions>
    </Filter>
    <Filter Include="Header Files\MergeSort">
      <UniqueIdentifier>{abba8a2d-7e54-4951-a01d-bfaa692fd595}</UniqueIdentifier>
    </Filter>
    <Filter Include="Header Files\HelpTool">
      <UniqueIdentifier>{752d1cda-1300-49f5-be38-11cd642c9b48}</UniqueIdentifier>
    </Filter>
    <Filter Include="Source Files\HelpTool">
      <UniqueIdentifier>{576ab71e-c70e-409e-a909-8267f86453ed}</UniqueIdentifier>
    </Filter>
  </ItemGroup>
  <ItemGroup>
    <ClCompile Include="DataGenerator.cpp">
      <Filter>Source Files\HelpTool</Filter>
    </ClCompile>
    <ClCompile Include="CourseWork.cpp">
      <Filter>Source Files</Filter>
    </ClCompile>
  </ItemGroup>
  <ItemGroup>
    <ClInclude Include="MergeSort.h">
      <Filter>Header Files\MergeSort</Filter>
    </ClInclude>
    <ClInclude Include="MergeSortBase.h">
      <Filter>Header Files\MergeSort</Filter>
    </ClInclude>
    <ClInclude Include="OMPMergeSort.h">
      <Filter>Header Files\MergeSort</Filter>
    </ClInclude>
    <ClInclude Include="ThreadMergeSort.h">
      <Filter>Header Files\MergeSort</Filter>
    </ClInclude>
    <ClInclude Include="DataGenerator.h">
      <Filter>Header Files\HelpTool</Filter>
    </ClInclude>
    <ClInclude Include="FileWorker.h">
      <Filter>Header Files\HelpTool</Filter>
    </ClInclude>
    <ClInclude Include="Tester.h">
      <Filter>Header Files\HelpTool</Filter>
    </ClInclude>
  </ItemGroup>
</Project>